
Microsoft Visual Studio Solution File, Format Version 12.00
# Visual Studio Version 16
VisualStudioVersion = 16.0.31105.61
MinimumVisualStudioVersion = 10.0.40219.1
Project("{FAE04EC0-301F-11D3-BF4B-00C04F79EFBC}") = "PruebasTecnicas", "PruebasTecnicas.csproj", "{929BEBD0-274F-428B-90A1-B25FFF8C9997}"
EndProject
Global
	GlobalSection(SolutionConfigurationPlatforms) = preSolution
		Debug|Any CPU = Debug|Any CPU
		Release|Any CPU = Release|Any CPU
	EndGlobalSection
	GlobalSection(ProjectConfigurationPlatforms) = postSolution
		{929BEBD0-274F-428B-90A1-B25FFF8C9997}.Debug|Any CPU.ActiveCfg = Debug|Any CPU
		{929BEBD0-274F-428B-90A1-B25FFF8C9997}.Debug|Any CPU.Build.0 = Debug|Any CPU
		{929BEBD0-274F-428B-90A1-B25FFF8C9997}.Release|Any CPU.ActiveCfg = Release|Any CPU
		{929BEBD0-274F-428B-90A1-B25FFF8C9997}.Release|Any CPU.Build.0 = Release|Any CPU
	EndGlobalSection
	GlobalSection(SolutionProperties) = preSolution
		HideSolutionNode = FALSE
	EndGlobalSection
	GlobalSection(ExtensibilityGlobals) = postSolution
		SolutionGuid = {33F9135E-922C-4E0C-A6D3-C8AA4F23E30E}
	EndGlobalSection
EndGlobal
